<?xml version="1.0" encoding="UTF-8"?>
<Scheme
   LastUpgradeVersion = "1300"
   version = "1.3">
   <BuildAction
      parallelizeBuildables = "YES"
      buildImplicitDependencies = "YES">
      <BuildActionEntries>
         <BuildActionEntry
            buildForTesting = "YES"
            buildForRunning = "YES"
            buildForProfiling = "YES"
            buildForArchiving = "YES"
            buildForAnalyzing = "YES">
            <BuildableReference
               BuildableIdentifier = "primary"
               BlueprintIdentifier = "656AFE316C2639AF553363F0"
               BuildableName = "PostsAppDebug.app"
               BlueprintName = "PostsApp"
               ReferencedContainer = "container:PostsApp.xcodeproj">
            </BuildableReference>
         </BuildActionEntry>
      </BuildActionEntries>
   </BuildAction>
   <TestAction
      buildConfiguration = "PROD_Debug"
      selectedDebuggerIdentifier = "Xcode.DebuggerFoundation.Debugger.LLDB"
      selectedLauncherIdentifier = "Xcode.DebuggerFoundation.Launcher.LLDB"
      shouldUseLaunchSchemeArgsEnv = "YES"
      codeCoverageEnabled = "YES">
      <MacroExpansion>
         <BuildableReference
            BuildableIdentifier = "primary"
            BlueprintIdentifier = "656AFE316C2639AF553363F0"
            BuildableName = "PostsAppDebug.app"
            BlueprintName = "PostsApp"
            ReferencedContainer = "container:PostsApp.xcodeproj">
         </BuildableReference>
      </MacroExpansion>
      <Testables>
         <TestableReference
            skipped = "NO">
            <BuildableReference
               BuildableIdentifier = "primary"
               BlueprintIdentifier = "7DC8F968994CFD3FAC5D7EC3"
               BuildableName = "PostsAppTests.xctest"
               BlueprintName = "PostsAppTests"
               ReferencedContainer = "container:PostsApp.xcodeproj">
            </BuildableReference>
         </TestableReference>
         <TestableReference
            skipped = "NO">
            <BuildableReference
               BuildableIdentifier = "primary"
               BlueprintIdentifier = "5206AA7BC7D37C06037CDF49"
               BuildableName = "DataTests.xctest"
               BlueprintName = "DataTests"
               ReferencedContainer = "container:PostsApp.xcodeproj">
            </BuildableReference>
         </TestableReference>
         <TestableReference
            skipped = "NO">
            <BuildableReference
               BuildableIdentifier = "primary"
               BlueprintIdentifier = "A672378C62701928B58F839F"
               BuildableName = "DomainTests.xctest"
               BlueprintName = "DomainTests"
               ReferencedContainer = "container:PostsApp.xcodeproj">
            </BuildableReference>
         </TestableReference>
      </Testables>
   </TestAction>
   <LaunchAction
      buildConfiguration = "PROD_Debug"
      selectedDebuggerIdentifier = "Xcode.DebuggerFoundation.Debugger.LLDB"
      selectedLauncherIdentifier = "Xcode.DebuggerFoundation.Launcher.LLDB"
      launchStyle = "0"
      useCustomWorkingDirectory = "NO"
      ignoresPersistentStateOnLaunch = "NO"
      debugDocumentVersioning = "YES"
      debugServiceExtension = "internal"
      allowLocationSimulation = "YES">
      <BuildableProductRunnable
         runnableDebuggingMode = "0">
         <BuildableReference
            BuildableIdentifier = "primary"
            BlueprintIdentifier = "656AFE316C2639AF553363F0"
            BuildableName = "PostsAppDebug.app"
            BlueprintName = "PostsApp"
            ReferencedContainer = "container:PostsApp.xcodeproj">
         </BuildableReference>
      </BuildableProductRunnable>
   </LaunchAction>
   <ProfileAction
      buildConfiguration = "PROD_Release"
      shouldUseLaunchSchemeArgsEnv = "YES"
      savedToolIdentifier = ""
      useCustomWorkingDirectory = "NO"
      debugDocumentVersioning = "YES">
      <BuildableProductRunnable
         runnableDebuggingMode = "0">
         <BuildableReference
            BuildableIdentifier = "primary"
            BlueprintIdentifier = "656AFE316C2639AF553363F0"
            BuildableName = "PostsAppDebug.app"
            BlueprintName = "PostsApp"
            ReferencedContainer = "container:PostsApp.xcodeproj">
         </BuildableReference>
      </BuildableProductRunnable>
   </ProfileAction>
   <AnalyzeAction
      buildConfiguration = "PROD_Debug">
   </AnalyzeAction>
   <ArchiveAction
      buildConfiguration = "PROD_Release"
      revealArchiveInOrganizer = "YES">
   </ArchiveAction>
</Scheme>
